
Microsoft Visual Studio Solution File, Format Version 12.00
# Visual Studio 15
VisualStudioVersion = 15.0.33529.398
MinimumVisualStudioVersion = 10.0.40219.1
Project("{FAE04EC0-301F-11D3-BF4B-00C04F79EFBC}") = "ArTracking", "ArTracking\ArTracking.csproj", "{A659976B-26A2-404D-90C9-6E070E93AC9B}"
EndProject
Project("{D954291E-2A0B-460D-934E-DC6B0785DB48}") = "Emgu.CV.Runtime.Windows", "..\..\..\..\..\..\Emgu\emgucv-windesktop 4.5.2.4673\Emgu.CV.Runtime\Windows\Emgu.CV.Runtime.Windows.shproj", "{ADC3C8E5-EBCD-4D3C-B3A4-20CFE0E42FC1}"
EndProject
Global
	GlobalSection(SharedMSBuildProjectFiles) = preSolution
		..\..\..\..\..\..\Emgu\emgucv-windesktop 4.5.2.4673\Emgu.CV.Runtime\Windows\Emgu.CV.Runtime.Windows.projitems*{a659976b-26a2-404d-90c9-6e070e93ac9b}*SharedItemsImports = 4
		..\..\..\..\..\..\Emgu\emgucv-windesktop 4.5.2.4673\Emgu.CV.Runtime\Windows\Emgu.CV.Runtime.Windows.projitems*{adc3c8e5-ebcd-4d3c-b3a4-20cfe0e42fc1}*SharedItemsImports = 13
	EndGlobalSection
	GlobalSection(SolutionConfigurationPlatforms) = preSolution
		Debug|Any CPU = Debug|Any CPU
		Release|Any CPU = Release|Any CPU
	EndGlobalSection
	GlobalSection(ProjectConfigurationPlatforms) = postSolution
		{A659976B-26A2-404D-90C9-6E070E93AC9B}.Debug|Any CPU.ActiveCfg = Debug|Any CPU
		{A659976B-26A2-404D-90C9-6E070E93AC9B}.Debug|Any CPU.Build.0 = Debug|Any CPU
		{A659976B-26A2-404D-90C9-6E070E93AC9B}.Release|Any CPU.ActiveCfg = Release|Any CPU
		{A659976B-26A2-404D-90C9-6E070E93AC9B}.Release|Any CPU.Build.0 = Release|Any CPU
	EndGlobalSection
	GlobalSection(SolutionProperties) = preSolution
		HideSolutionNode = FALSE
	EndGlobalSection
	GlobalSection(ExtensibilityGlobals) = postSolution
		SolutionGuid = {74C9937A-9079-46A2-90F7-5074C0E4FF26}
	EndGlobalSection
EndGlobal
